
Microsoft Visual Studio Solution File, Format Version 12.00
# Visual Studio Version 17
VisualStudioVersion = 17.8.34309.116
MinimumVisualStudioVersion = 10.0.40219.1
Project("{FAE04EC0-301F-11D3-BF4B-00C04F79EFBC}") = "AlcoolTestWpf2024", "AlcoolTestWpf2024\AlcoolTestWpf2024.csproj", "{52C1C35C-5DB8-48F8-A15A-1B85FAD7DDA4}"
EndProject
Global
	GlobalSection(SolutionConfigurationPlatforms) = preSolution
		Debug|Any CPU = Debug|Any CPU
		Release|Any CPU = Release|Any CPU
	EndGlobalSection
	GlobalSection(ProjectConfigurationPlatforms) = postSolution
		{52C1C35C-5DB8-48F8-A15A-1B85FAD7DDA4}.Debug|Any CPU.ActiveCfg = Debug|Any CPU
		{52C1C35C-5DB8-48F8-A15A-1B85FAD7DDA4}.Debug|Any CPU.Build.0 = Debug|Any CPU
		{52C1C35C-5DB8-48F8-A15A-1B85FAD7DDA4}.Release|Any CPU.ActiveCfg = Release|Any CPU
		{52C1C35C-5DB8-48F8-A15A-1B85FAD7DDA4}.Release|Any CPU.Build.0 = Release|Any CPU
	EndGlobalSection
	GlobalSection(SolutionProperties) = preSolution
		HideSolutionNode = FALSE
	EndGlobalSection
	GlobalSection(ExtensibilityGlobals) = postSolution
		SolutionGuid = {67D1A516-89B5-478E-AE96-584846BECE27}
	EndGlobalSection
EndGlobal
